// !$*UTF8*$!
{
	archiveVersion = 1;
	classes = {
	};
	objectVersion = 46;
	objects = {

/* Begin PBXBuildFile section */
		30D163411988082F0024402D /* Foundation.framework in Frameworks */ = {isa = PBXBuildFile; fileRef = 30D163401988082F0024402D /* Foundation.framework */; };
		30D163431988082F0024402D /* CoreGraphics.framework in Frameworks */ = {isa = PBXBuildFile; fileRef = 30D163421988082F0024402D /* CoreGraphics.framework */; };
		30D16345198808300024402D /* UIKit.framework in Frameworks */ = {isa = PBXBuildFile; fileRef = 30D16344198808300024402D /* UIKit.framework */; };
		30D1634B198808300024402D /* InfoPlist.strings in Resources */ = {isa = PBXBuildFile; fileRef = 30D16349198808300024402D /* InfoPlist.strings */; };
		30D1634D198808300024402D /* main.m in Sources */ = {isa = PBXBuildFile; fileRef = 30D1634C198808300024402D /* main.m */; };
		30D16351198808300024402D /* KMWAppDelegate.m in Sources */ = {isa = PBXBuildFile; fileRef = 30D16350198808300024402D /* KMWAppDelegate.m */; };
		30D16354198808300024402D /* Main.storyboard in Resources */ = {isa = PBXBuildFile; fileRef = 30D16352198808300024402D /* Main.storyboard */; };
		30D16357198808300024402D /* KMWViewController.m in Sources */ = {isa = PBXBuildFile; fileRef = 30D16356198808300024402D /* KMWViewController.m */; };
		30D16359198808300024402D /* Images.xcassets in Resources */ = {isa = PBXBuildFile; fileRef = 30D16358198808300024402D /* Images.xcassets */; };
		30D16360198808300024402D /* XCTest.framework in Frameworks */ = {isa = PBXBuildFile; fileRef = 30D1635F198808300024402D /* XCTest.framework */; };
		30D16361198808300024402D /* Foundation.framework in Frameworks */ = {isa = PBXBuildFile; fileRef = 30D163401988082F0024402D /* Foundation.framework */; };
		30D16362198808300024402D /* UIKit.framework in Frameworks */ = {isa = PBXBuildFile; fileRef = 30D16344198808300024402D /* UIKit.framework */; };
		30D1636A198808300024402D /* InfoPlist.strings in Resources */ = {isa = PBXBuildFile; fileRef = 30D16368198808300024402D /* InfoPlist.strings */; };
		30D1636C198808300024402D /* Git_TestTests.m in Sources */ = {isa = PBXBuildFile; fileRef = 30D1636B198808300024402D /* Git_TestTests.m */; };
/* End PBXBuildFile section */

/* Begin PBXContainerItemProxy section */
		30D16363198808300024402D /* PBXContainerItemProxy */ = {
			isa = PBXContainerItemProxy;
			containerPortal = 30D163351988082F0024402D /* Project object */;
			proxyType = 1;
			remoteGlobalIDString = 30D1633C1988082F0024402D;
			remoteInfo = "Git Test";
		};
/* End PBXContainerItemProxy section */

/* Begin PBXFileReference section */
		30D1633D1988082F0024402D /* Git Test.app */ = {isa = PBXFileReference; explicitFileType = wrapper.application; includeInIndex = 0; path = "Git Test.app"; sourceTree = BUILT_PRODUCTS_DIR; };
		30D163401988082F0024402D /* Foundation.framework */ = {isa = PBXFileReference; lastKnownFileType = wrapper.framework; name = Foundation.framework; path = System/Library/Frameworks/Foundation.framework; sourceTree = SDKROOT; };
		30D163421988082F0024402D /* CoreGraphics.framework */ = {isa = PBXFileReference; lastKnownFileType = wrapper.framework; name = CoreGraphics.framework; path = System/Library/Frameworks/CoreGraphics.framework; sourceTree = SDKROOT; };
		30D16344198808300024402D /* UIKit.framework */ = {isa = PBXFileReference; lastKnownFileType = wrapper.framework; name = UIKit.framework; path = System/Library/Frameworks/UIKit.framework; sourceTree = SDKROOT; };
		30D16348198808300024402D /* Git Test-Info.plist */ = {isa = PBXFileReference; lastKnownFileType = text.plist.xml; path = "Git Test-Info.plist"; sourceTree = "<group>"; };
		30D1634A198808300024402D /* en */ = {isa = PBXFileReference; lastKnownFileType = text.plist.strings; name = en; path = en.lproj/InfoPlist.strings; sourceTree = "<group>"; };
		30D1634C198808300024402D /* main.m */ = {isa = PBXFileReference; lastKnownFileType = sourcecode.c.objc; path = main.m; sourceTree = "<group>"; };
		30D1634E198808300024402D /* Git Test-Prefix.pch */ = {isa = PBXFileReference; lastKnownFileType = sourcecode.c.h; path = "Git Test-Prefix.pch"; sourceTree = "<group>"; };
		30D1634F198808300024402D /* KMWAppDelegate.h */ = {isa = PBXFileReference; lastKnownFileType = sourcecode.c.h; path = KMWAppDelegate.h; sourceTree = "<group>"; };
		30D16350198808300024402D /* KMWAppDelegate.m */ = {isa = PBXFileReference; lastKnownFileType = sourcecode.c.objc; path = KMWAppDelegate.m; sourceTree = "<group>"; };
		30D16353198808300024402D /* Base */ = {isa = PBXFileReference; lastKnownFileType = file.storyboard; name = Base; path = Base.lproj/Main.storyboard; sourceTree = "<group>"; };
		30D16355198808300024402D /* KMWViewController.h */ = {isa = PBXFileReference; lastKnownFileType = sourcecode.c.h; path = KMWViewController.h; sourceTree = "<group>"; };
		30D16356198808300024402D /* KMWViewController.m */ = {isa = PBXFileReference; lastKnownFileType = sourcecode.c.objc; path = KMWViewController.m; sourceTree = "<group>"; };
		30D16358198808300024402D /* Images.xcassets */ = {isa = PBXFileReference; lastKnownFileType = folder.assetcatalog; path = Images.xcassets; sourceTree = "<group>"; };
		30D1635E198808300024402D /* Git TestTests.xctest */ = {isa = PBXFileReference; explicitFileType = wrapper.cfbundle; includeInIndex = 0; path = "Git TestTests.xctest"; sourceTree = BUILT_PRODUCTS_DIR; };
		30D1635F198808300024402D /* XCTest.framework */ = {isa = PBXFileReference; lastKnownFileType = wrapper.framework; name = XCTest.framework; path = Library/Frameworks/XCTest.framework; sourceTree = DEVELOPER_DIR; };
		30D16367198808300024402D /* Git TestTests-Info.plist */ = {isa = PBXFileReference; lastKnownFileType = text.plist.xml; path = "Git TestTests-Info.plist"; sourceTree = "<group>"; };
		30D16369198808300024402D /* en */ = {isa = PBXFileReference; lastKnownFileType = text.plist.strings; name = en; path = en.lproj/InfoPlist.strings; sourceTree = "<group>"; };
		30D1636B198808300024402D /* Git_TestTests.m */ = {isa = PBXFileReference; lastKnownFileType = sourcecode.c.objc; path = Git_TestTests.m; sourceTree = "<group>"; };
/* End PBXFileReference section */

/* Begin PBXFrameworksBuildPhase section */
		30D1633A1988082F0024402D /* Frameworks */ = {
			isa = PBXFrameworksBuildPhase;
			buildActionMask = 2147483647;
			files = (
				30D163431988082F0024402D /* CoreGraphics.framework in Frameworks */,
				30D16345198808300024402D /* UIKit.framework in Frameworks */,
				30D163411988082F0024402D /* Foundation.framework in Frameworks */,
			);
			runOnlyForDeploymentPostprocessing = 0;
		};
		30D1635B198808300024402D /* Frameworks */ = {
			isa = PBXFrameworksBuildPhase;
			buildActionMask = 2147483647;
			files = (
				30D16360198808300024402D /* XCTest.framework in Frameworks */,
				30D16362198808300024402D /* UIKit.framework in Frameworks */,
				30D16361198808300024402D /* Foundation.framework in Frameworks */,
			);
			runOnlyForDeploymentPostprocessing = 0;
		};
/* End PBXFrameworksBuildPhase section */

/* Begin PBXGroup section */
		30D163341988082F0024402D = {
			isa = PBXGroup;
			children = (
				30D16346198808300024402D /* Git Test */,
				30D16365198808300024402D /* Git TestTests */,
				30D1633F1988082F0024402D /* Frameworks */,
				30D1633E1988082F0024402D /* Products */,
			);
			sourceTree = "<group>";
		};
		30D1633E1988082F0024402D /* Products */ = {
			isa = PBXGroup;
			children = (
				30D1633D1988082F0024402D /* Git Test.app */,
				30D1635E198808300024402D /* Git TestTests.xctest */,
			);
			name = Products;
			sourceTree = "<group>";
		};
		30D1633F1988082F0024402D /* Frameworks */ = {
			isa = PBXGroup;
			children = (
				30D163401988082F0024402D /* Foundation.framework */,
				30D163421988082F0024402D /* CoreGraphics.framework */,
				30D16344198808300024402D /* UIKit.framework */,
				30D1635F198808300024402D /* XCTest.framework */,
			);
			name = Frameworks;
			sourceTree = "<group>";
		};
		30D16346198808300024402D /* Git Test */ = {
			isa = PBXGroup;
			children = (
				30D1634F198808300024402D /* KMWAppDelegate.h */,
				30D16350198808300024402D /* KMWAppDelegate.m */,
				30D16352198808300024402D /* Main.storyboard */,
				30D16355198808300024402D /* KMWViewController.h */,
				30D16356198808300024402D /* KMWViewController.m */,
				30D16358198808300024402D /* Images.xcassets */,
				30D16347198808300024402D /* Supporting Files */,
			);
			path = "Git Test";
			sourceTree = "<group>";
		};
		30D16347198808300024402D /* Supporting Files */ = {
			isa = PBXGroup;
			children = (
				30D16348198808300024402D /* Git Test-Info.plist */,
				30D16349198808300024402D /* InfoPlist.strings */,
				30D1634C198808300024402D /* main.m */,
				30D1634E198808300024402D /* Git Test-Prefix.pch */,
			);
			name = "Supporting Files";
			sourceTree = "<group>";
		};
		30D16365198808300024402D /* Git TestTests */ = {
			isa = PBXGroup;
			children = (
				30D1636B198808300024402D /* Git_TestTests.m */,
				30D16366198808300024402D /* Supporting Files */,
			);
			path = "Git TestTests";
			sourceTree = "<group>";
		};
		30D16366198808300024402D /* Supporting Files */ = {
			isa = PBXGroup;
			children = (
				30D16367198808300024402D /* Git TestTests-Info.plist */,
				30D16368198808300024402D /* InfoPlist.strings */,
			);
			name = "Supporting Files";
			sourceTree = "<group>";
		};
/* End PBXGroup section */

/* Begin PBXNativeTarget section */
		30D1633C1988082F0024402D /* Git Test */ = {
			isa = PBXNativeTarget;
			buildConfigurationList = 30D1636F198808300024402D /* Build configuration list for PBXNativeTarget "Git Test" */;
			buildPhases = (
				30D163391988082F0024402D /* Sources */,
				30D1633A1988082F0024402D /* Frameworks */,
				30D1633B1988082F0024402D /* Resources */,
			);
			buildRules = (
			);
			dependencies = (
			);
			name = "Git Test";
			productName = "Git Test";
			productReference = 30D1633D1988082F0024402D /* Git Test.app */;
			productType = "com.apple.product-type.application";
		};
		30D1635D198808300024402D /* Git TestTests */ = {
			isa = PBXNativeTarget;
			buildConfigurationList = 30D16372198808300024402D /* Build configuration list for PBXNativeTarget "Git TestTests" */;
			buildPhases = (
				30D1635A198808300024402D /* Sources */,
				30D1635B198808300024402D /* Frameworks */,
				30D1635C198808300024402D /* Resources */,
			);
			buildRules = (
			);
			dependencies = (
				30D16364198808300024402D /* PBXTargetDependency */,
			);
			name = "Git TestTests";
			productName = "Git TestTests";
			productReference = 30D1635E198808300024402D /* Git TestTests.xctest */;
			productType = "com.apple.product-type.bundle.unit-test";
		};
/* End PBXNativeTarget section */

/* Begin PBXProject section */
		30D163351988082F0024402D /* Project object */ = {
			isa = PBXProject;
			attributes = {
				CLASSPREFIX = KMW;
				LastUpgradeCheck = 0510;
				ORGANIZATIONNAME = KMW;
				TargetAttributes = {
					30D1635D198808300024402D = {
						TestTargetID = 30D1633C1988082F0024402D;
					};
				};
			};
			buildConfigurationList = 30D163381988082F0024402D /* Build configuration list for PBXProject "Git Test" */;
			compatibilityVersion = "Xcode 3.2";
			developmentRegion = English;
			hasScannedForEncodings = 0;
			knownRegions = (
				en,
				Base,
			);
			mainGroup = 30D163341988082F0024402D;
			productRefGroup = 30D1633E1988082F0024402D /* Products */;
			projectDirPath = "";
			projectRoot = "";
			targets = (
				30D1633C1988082F0024402D /* Git Test */,
				30D1635D198808300024402D /* Git TestTests */,
			);
		};
/* End PBXProject section */

/* Begin PBXResourcesBuildPhase section */
		30D1633B1988082F0024402D /* Resources */ = {
			isa = PBXResourcesBuildPhase;
			buildActionMask = 2147483647;
			files = (
				30D16359198808300024402D /* Images.xcassets in Resources */,
				30D1634B198808300024402D /* InfoPlist.strings in Resources */,
				30D16354198808300024402D /* Main.storyboard in Resources */,
			);
			runOnlyForDeploymentPostprocessing = 0;
		};
		30D1635C198808300024402D /* Resources */ = {
			isa = PBXResourcesBuildPhase;
			buildActionMask = 2147483647;
			files = (
				30D1636A198808300024402D /* InfoPlist.strings in Resources */,
			);
			runOnlyForDeploymentPostprocessing = 0;
		};
/* End PBXResourcesBuildPhase section */

/* Begin PBXSourcesBuildPhase section */
		30D163391988082F0024402D /* Sources */ = {
			isa = PBXSourcesBuildPhase;
			buildActionMask = 2147483647;
			files = (
				30D16351198808300024402D /* KMWAppDelegate.m in Sources */,
				30D1634D198808300024402D /* main.m in Sources */,
				30D16357198808300024402D /* KMWViewController.m in Sources */,
			);
			runOnlyForDeploymentPostprocessing = 0;
		};
		30D1635A198808300024402D /* Sources */ = {
			isa = PBXSourcesBuildPhase;
			buildActionMask = 2147483647;
			files = (
				30D1636C198808300024402D /* Git_TestTests.m in Sources */,
			);
			runOnlyForDeploymentPostprocessing = 0;
		};
/* End PBXSourcesBuildPhase section */

/* Begin PBXTargetDependency section */
		30D16364198808300024402D /* PBXTargetDependency */ = {
			isa = PBXTargetDependency;
			target = 30D1633C1988082F0024402D /* Git Test */;
			targetProxy = 30D16363198808300024402D /* PBXContainerItemProxy */;
		};
/* End PBXTargetDependency section */

/* Begin PBXVariantGroup section */
		30D16349198808300024402D /* InfoPlist.strings */ = {
			isa = PBXVariantGroup;
			children = (
				30D1634A198808300024402D /* en */,
			);
			name = InfoPlist.strings;
			sourceTree = "<group>";
		};
		30D16352198808300024402D /* Main.storyboard */ = {
			isa = PBXVariantGroup;
			children = (
				30D16353198808300024402D /* Base */,
			);
			name = Main.storyboard;
			sourceTree = "<group>";
		};
		30D16368198808300024402D /* InfoPlist.strings */ = {
			isa = PBXVariantGroup;
			children = (
				30D16369198808300024402D /* en */,
			);
			name = InfoPlist.strings;
			sourceTree = "<group>";
		};
/* End PBXVariantGroup section */

/* Begin XCBuildConfiguration section */
		30D1636D198808300024402D /* Debug */ = {
			isa = XCBuildConfiguration;
			buildSettings = {
				ALWAYS_SEARCH_USER_PATHS = NO;
				CLANG_CXX_LANGUAGE_STANDARD = "gnu++0x";
				CLANG_CXX_LIBRARY = "libc++";
				CLANG_ENABLE_MODULES = YES;
				CLANG_ENABLE_OBJC_ARC = YES;
				CLANG_WARN_BOOL_CONVERSION = YES;
				CLANG_WARN_CONSTANT_CONVERSION = YES;
				CLANG_WARN_DIRECT_OBJC_ISA_USAGE = YES_ERROR;
				CLANG_WARN_EMPTY_BODY = YES;
				CLANG_WARN_ENUM_CONVERSION = YES;
				CLANG_WARN_INT_CONVERSION = YES;
				CLANG_WARN_OBJC_ROOT_CLASS = YES_ERROR;
				CLANG_WARN__DUPLICATE_METHOD_MATCH = YES;
				"CODE_SIGN_IDENTITY[sdk=iphoneos*]" = "iPhone Developer";
				COPY_PHASE_STRIP = NO;
				GCC_C_LANGUAGE_STANDARD = gnu99;
				GCC_DYNAMIC_NO_PIC = NO;
				GCC_OPTIMIZATION_LEVEL = 0;
				GCC_PREPROCESSOR_DEFINITIONS = (
					"DEBUG=1",
					"$(inherited)",
				);
				GCC_SYMBOLS_PRIVATE_EXTERN = NO;
				GCC_WARN_64_TO_32_BIT_CONVERSION = YES;
				GCC_WARN_ABOUT_RETURN_TYPE = YES_ERROR;
				GCC_WARN_UNDECLARED_SELECTOR = YES;
				GCC_WARN_UNINITIALIZED_AUTOS = YES_AGGRESSIVE;
				GCC_WARN_UNUSED_FUNCTION = YES;
				GCC_WARN_UNUSED_VARIABLE = YES;
				IPHONEOS_DEPLOYMENT_TARGET = 7.1;
				ONLY_ACTIVE_ARCH = YES;
				SDKROOT = iphoneos;
			};
			name = Debug;
		};
		30D1636E198808300024402D /* Release */ = {
			isa = XCBuildConfiguration;
			buildSettings = {
				ALWAYS_SEARCH_USER_PATHS = NO;
				CLANG_CXX_LANGUAGE_STANDARD = "gnu++0x";
				CLANG_CXX_LIBRARY = "libc++";
				CLANG_ENABLE_MODULES = YES;
				CLANG_ENABLE_OBJC_ARC = YES;
				CLANG_WARN_BOOL_CONVERSION = YES;
				CLANG_WARN_CONSTANT_CONVERSION = YES;
				CLANG_WARN_DIRECT_OBJC_ISA_USAGE = YES_ERROR;
				CLANG_WARN_EMPTY_BODY = YES;
				CLANG_WARN_ENUM_CONVERSION = YES;
				CLANG_WARN_INT_CONVERSION = YES;
				CLANG_WARN_OBJC_ROOT_CLASS = YES_ERROR;
				CLANG_WARN__DUPLICATE_METHOD_MATCH = YES;
				"CODE_SIGN_IDENTITY[sdk=iphoneos*]" = "iPhone Developer";
				COPY_PHASE_STRIP = YES;
				ENABLE_NS_ASSERTIONS = NO;
				GCC_C_LANGUAGE_STANDARD = gnu99;
				GCC_WARN_64_TO_32_BIT_CONVERSION = YES;
				GCC_WARN_ABOUT_RETURN_TYPE = YES_ERROR;
				GCC_WARN_UNDECLARED_SELECTOR = YES;
				GCC_WARN_UNINITIALIZED_AUTOS = YES_AGGRESSIVE;
				GCC_WARN_UNUSED_FUNCTION = YES;
				GCC_WARN_UNUSED_VARIABLE = YES;
				IPHONEOS_DEPLOYMENT_TARGET = 7.1;
				SDKROOT = iphoneos;
				VALIDATE_PRODUCT = YES;
			};
			name = Release;
		};
		30D16370198808300024402D /* Debug */ = {
			isa = XCBuildConfiguration;
			buildSettings = {
				ASSETCATALOG_COMPILER_APPICON_NAME = AppIcon;
				ASSETCATALOG_COMPILER_LAUNCHIMAGE_NAME = LaunchImage;
				GCC_PRECOMPILE_PREFIX_HEADER = YES;
				GCC_PREFIX_HEADER = "Git Test/Git Test-Prefix.pch";
				INFOPLIST_FILE = "Git Test/Git Test-Info.plist";
				PRODUCT_NAME = "$(TARGET_NAME)";
				WRAPPER_EXTENSION = app;
			};
			name = Debug;
		};
		30D16371198808300024402D /* Release */ = {
			isa = XCBuildConfiguration;
			buildSettings = {
				ASSETCATALOG_COMPILER_APPICON_NAME = AppIcon;
				ASSETCATALOG_COMPILER_LAUNCHIMAGE_NAME = LaunchImage;
				GCC_PRECOMPILE_PREFIX_HEADER = YES;
				GCC_PREFIX_HEADER = "Git Test/Git Test-Prefix.pch";
				INFOPLIST_FILE = "Git Test/Git Test-Info.plist";
				PRODUCT_NAME = "$(TARGET_NAME)";
				WRAPPER_EXTENSION = app;
			};
			name = Release;
		};
		30D16373198808300024402D /* Debug */ = {
			isa = XCBuildConfiguration;
			buildSettings = {
				BUNDLE_LOADER = "$(BUILT_PRODUCTS_DIR)/Git Test.app/Git Test";
				FRAMEWORK_SEARCH_PATHS = (
					"$(SDKROOT)/Developer/Library/Frameworks",
					"$(inherited)",
					"$(DEVELOPER_FRAMEWORKS_DIR)",
				);
				GCC_PRECOMPILE_PREFIX_HEADER = YES;
				GCC_PREFIX_HEADER = "Git Test/Git Test-Prefix.pch";
				GCC_PREPROCESSOR_DEFINITIONS = (
					"DEBUG=1",
					"$(inherited)",
				);
				INFOPLIST_FILE = "Git TestTests/Git TestTests-Info.plist";
				PRODUCT_NAME = "$(TARGET_NAME)";
				TEST_HOST = "$(BUNDLE_LOADER)";
				WRAPPER_EXTENSION = xctest;
			};
			name = Debug;
		};
		30D16374198808300024402D /* Release */ = {
			isa = XCBuildConfiguration;
			buildSettings = {
				BUNDLE_LOADER = "$(BUILT_PRODUCTS_DIR)/Git Test.app/Git Test";
				FRAMEWORK_SEARCH_PATHS = (
					"$(SDKROOT)/Developer/Library/Frameworks",
					"$(inherited)",
					"$(DEVELOPER_FRAMEWORKS_DIR)",
				);
				GCC_PRECOMPILE_PREFIX_HEADER = YES;
				GCC_PREFIX_HEADER = "Git Test/Git Test-Prefix.pch";
				INFOPLIST_FILE = "Git TestTests/Git TestTests-Info.plist";
				PRODUCT_NAME = "$(TARGET_NAME)";
				TEST_HOST = "$(BUNDLE_LOADER)";
				WRAPPER_EXTENSION = xctest;
			};
			name = Release;
		};
/* End XCBuildConfiguration section */

/* Begin XCConfigurationList section */
		30D163381988082F0024402D /* Build configuration list for PBXProject "Git Test" */ = {
			isa = XCConfigurationList;
			buildConfigurations = (
				30D1636D198808300024402D /* Debug */,
				30D1636E198808300024402D /* Release */,
			);
			defaultConfigurationIsVisible = 0;
			defaultConfigurationName = Release;
		};
		30D1636F198808300024402D /* Build configuration list for PBXNativeTarget "Git Test" */ = {
			isa = XCConfigurationList;
			buildConfigurations = (
				30D16370198808300024402D /* Debug */,
				30D16371198808300024402D /* Release */,
			);
			defaultConfigurationIsVisible = 0;
		};
		30D16372198808300024402D /* Build configuration list for PBXNativeTarget "Git TestTests" */ = {
			isa = XCConfigurationList;
			buildConfigurations = (
				30D16373198808300024402D /* Debug */,
				30D16374198808300024402D /* Release */,
			);
			defaultConfigurationIsVisible = 0;
		};
/* End XCConfigurationList section */
	};
	rootObject = 30D163351988082F0024402D /* Project object */;
}
